
Microsoft Visual Studio Solution File, Format Version 12.00
Project("{FAE04EC0-301F-11D3-BF4B-00C04F79EFBC}") = "DatingApp.Api", "DatingApp.Api.csproj", "{FBEE338E-8BA6-4D35-8439-87CD8A16DA81}"
EndProject
Global
	GlobalSection(SolutionConfigurationPlatforms) = preSolution
		Debug|Any CPU = Debug|Any CPU
		Release|Any CPU = Release|Any CPU
	EndGlobalSection
	GlobalSection(ProjectConfigurationPlatforms) = postSolution
		{FBEE338E-8BA6-4D35-8439-87CD8A16DA81}.Debug|Any CPU.ActiveCfg = Debug|Any CPU
		{FBEE338E-8BA6-4D35-8439-87CD8A16DA81}.Debug|Any CPU.Build.0 = Debug|Any CPU
		{FBEE338E-8BA6-4D35-8439-87CD8A16DA81}.Release|Any CPU.ActiveCfg = Release|Any CPU
		{FBEE338E-8BA6-4D35-8439-87CD8A16DA81}.Release|Any CPU.Build.0 = Release|Any CPU
	EndGlobalSection
EndGlobal
